
Microsoft Visual Studio Solution File, Format Version 12.00
# Visual Studio 2012
Project("{FAE04EC0-301F-11D3-BF4B-00C04F79EFBC}") = "SampleFreshMVVM", "SampleFreshMVVM\SampleFreshMVVM.csproj", "{AEC1440B-B015-4B8B-ADF6-5F22D60E4174}"
EndProject
Project("{FAE04EC0-301F-11D3-BF4B-00C04F79EFBC}") = "SampleFreshMVVM.iOS", "iOS\SampleFreshMVVM.iOS.csproj", "{DEF0657B-2C80-4554-8E0E-052BCB814A43}"
EndProject
Project("{FAE04EC0-301F-11D3-BF4B-00C04F79EFBC}") = "SampleFreshMVVM.Droid", "Droid\SampleFreshMVVM.Droid.csproj", "{747C5D88-200E-41BD-885E-E1433A8DDD36}"
EndProject
Global
	GlobalSection(SolutionConfigurationPlatforms) = preSolution
		Debug|Any CPU = Debug|Any CPU
		Release|Any CPU = Release|Any CPU
		Debug|iPhoneSimulator = Debug|iPhoneSimulator
		Release|iPhone = Release|iPhone
		Release|iPhoneSimulator = Release|iPhoneSimulator
		Debug|iPhone = Debug|iPhone
	EndGlobalSection
	GlobalSection(ProjectConfigurationPlatforms) = postSolution
		{AEC1440B-B015-4B8B-ADF6-5F22D60E4174}.Debug|Any CPU.ActiveCfg = Debug|Any CPU
		{AEC1440B-B015-4B8B-ADF6-5F22D60E4174}.Debug|Any CPU.Build.0 = Debug|Any CPU
		{AEC1440B-B015-4B8B-ADF6-5F22D60E4174}.Release|Any CPU.ActiveCfg = Release|Any CPU
		{AEC1440B-B015-4B8B-ADF6-5F22D60E4174}.Release|Any CPU.Build.0 = Release|Any CPU
		{AEC1440B-B015-4B8B-ADF6-5F22D60E4174}.Debug|iPhoneSimulator.ActiveCfg = Debug|Any CPU
		{AEC1440B-B015-4B8B-ADF6-5F22D60E4174}.Debug|iPhoneSimulator.Build.0 = Debug|Any CPU
		{AEC1440B-B015-4B8B-ADF6-5F22D60E4174}.Release|iPhone.ActiveCfg = Release|Any CPU
		{AEC1440B-B015-4B8B-ADF6-5F22D60E4174}.Release|iPhone.Build.0 = Release|Any CPU
		{AEC1440B-B015-4B8B-ADF6-5F22D60E4174}.Release|iPhoneSimulator.ActiveCfg = Release|Any CPU
		{AEC1440B-B015-4B8B-ADF6-5F22D60E4174}.Release|iPhoneSimulator.Build.0 = Release|Any CPU
		{AEC1440B-B015-4B8B-ADF6-5F22D60E4174}.Debug|iPhone.ActiveCfg = Debug|Any CPU
		{AEC1440B-B015-4B8B-ADF6-5F22D60E4174}.Debug|iPhone.Build.0 = Debug|Any CPU
		{DEF0657B-2C80-4554-8E0E-052BCB814A43}.Debug|Any CPU.ActiveCfg = Debug|iPhoneSimulator
		{DEF0657B-2C80-4554-8E0E-052BCB814A43}.Debug|Any CPU.Build.0 = Debug|iPhoneSimulator
		{DEF0657B-2C80-4554-8E0E-052BCB814A43}.Release|Any CPU.ActiveCfg = Release|iPhone
		{DEF0657B-2C80-4554-8E0E-052BCB814A43}.Release|Any CPU.Build.0 = Release|iPhone
		{DEF0657B-2C80-4554-8E0E-052BCB814A43}.Debug|iPhoneSimulator.ActiveCfg = Debug|iPhoneSimulator
		{DEF0657B-2C80-4554-8E0E-052BCB814A43}.Debug|iPhoneSimulator.Build.0 = Debug|iPhoneSimulator
		{DEF0657B-2C80-4554-8E0E-052BCB814A43}.Release|iPhone.ActiveCfg = Release|iPhone
		{DEF0657B-2C80-4554-8E0E-052BCB814A43}.Release|iPhone.Build.0 = Release|iPhone
		{DEF0657B-2C80-4554-8E0E-052BCB814A43}.Release|iPhoneSimulator.ActiveCfg = Release|iPhoneSimulator
		{DEF0657B-2C80-4554-8E0E-052BCB814A43}.Release|iPhoneSimulator.Build.0 = Release|iPhoneSimulator
		{DEF0657B-2C80-4554-8E0E-052BCB814A43}.Debug|iPhone.ActiveCfg = Debug|iPhone
		{DEF0657B-2C80-4554-8E0E-052BCB814A43}.Debug|iPhone.Build.0 = Debug|iPhone
		{747C5D88-200E-41BD-885E-E1433A8DDD36}.Debug|Any CPU.ActiveCfg = Debug|Any CPU
		{747C5D88-200E-41BD-885E-E1433A8DDD36}.Debug|Any CPU.Build.0 = Debug|Any CPU
		{747C5D88-200E-41BD-885E-E1433A8DDD36}.Release|Any CPU.ActiveCfg = Release|Any CPU
		{747C5D88-200E-41BD-885E-E1433A8DDD36}.Release|Any CPU.Build.0 = Release|Any CPU
		{747C5D88-200E-41BD-885E-E1433A8DDD36}.Debug|iPhoneSimulator.ActiveCfg = Debug|Any CPU
		{747C5D88-200E-41BD-885E-E1433A8DDD36}.Debug|iPhoneSimulator.Build.0 = Debug|Any CPU
		{747C5D88-200E-41BD-885E-E1433A8DDD36}.Release|iPhone.ActiveCfg = Release|Any CPU
		{747C5D88-200E-41BD-885E-E1433A8DDD36}.Release|iPhone.Build.0 = Release|Any CPU
		{747C5D88-200E-41BD-885E-E1433A8DDD36}.Release|iPhoneSimulator.ActiveCfg = Release|Any CPU
		{747C5D88-200E-41BD-885E-E1433A8DDD36}.Release|iPhoneSimulator.Build.0 = Release|Any CPU
		{747C5D88-200E-41BD-885E-E1433A8DDD36}.Debug|iPhone.ActiveCfg = Debug|Any CPU
		{747C5D88-200E-41BD-885E-E1433A8DDD36}.Debug|iPhone.Build.0 = Debug|Any CPU
	EndGlobalSection
EndGlobal
